// !$*UTF8*$!
{
	archiveVersion = 1;
	classes = {
	};
	objectVersion = 50;
	objects = {

/* Begin PBXBuildFile section */
		A495D9432199D06C00B368E1 /* AppDelegate.swift in Sources */ = {isa = PBXBuildFile; fileRef = A495D9422199D06C00B368E1 /* AppDelegate.swift */; };
		A495D9452199D06C00B368E1 /* TodoListViewController.swift in Sources */ = {isa = PBXBuildFile; fileRef = A495D9442199D06C00B368E1 /* TodoListViewController.swift */; };
		A495D9482199D06C00B368E1 /* Main.storyboard in Resources */ = {isa = PBXBuildFile; fileRef = A495D9462199D06C00B368E1 /* Main.storyboard */; };
		A495D94A2199D06D00B368E1 /* Assets.xcassets in Resources */ = {isa = PBXBuildFile; fileRef = A495D9492199D06D00B368E1 /* Assets.xcassets */; };
		A495D94D2199D06D00B368E1 /* LaunchScreen.storyboard in Resources */ = {isa = PBXBuildFile; fileRef = A495D94B2199D06D00B368E1 /* LaunchScreen.storyboard */; };
		A496EB0D21A014BC00FFA2ED /* Item.swift in Sources */ = {isa = PBXBuildFile; fileRef = A496EB0C21A014BC00FFA2ED /* Item.swift */; };
/* End PBXBuildFile section */

/* Begin PBXFileReference section */
		A495D93F2199D06C00B368E1 /* Totodey.app */ = {isa = PBXFileReference; explicitFileType = wrapper.application; includeInIndex = 0; path = Totodey.app; sourceTree = BUILT_PRODUCTS_DIR; };
		A495D9422199D06C00B368E1 /* AppDelegate.swift */ = {isa = PBXFileReference; lastKnownFileType = sourcecode.swift; path = AppDelegate.swift; sourceTree = "<group>"; };
		A495D9442199D06C00B368E1 /* TodoListViewController.swift */ = {isa = PBXFileReference; lastKnownFileType = sourcecode.swift; path = TodoListViewController.swift; sourceTree = "<group>"; };
		A495D9472199D06C00B368E1 /* Base */ = {isa = PBXFileReference; lastKnownFileType = file.storyboard; name = Base; path = Base.lproj/Main.storyboard; sourceTree = "<group>"; };
		A495D9492199D06D00B368E1 /* Assets.xcassets */ = {isa = PBXFileReference; lastKnownFileType = folder.assetcatalog; path = Assets.xcassets; sourceTree = "<group>"; };
		A495D94C2199D06D00B368E1 /* Base */ = {isa = PBXFileReference; lastKnownFileType = file.storyboard; name = Base; path = Base.lproj/LaunchScreen.storyboard; sourceTree = "<group>"; };
		A495D94E2199D06D00B368E1 /* Info.plist */ = {isa = PBXFileReference; lastKnownFileType = text.plist.xml; path = Info.plist; sourceTree = "<group>"; };
		A496EB0C21A014BC00FFA2ED /* Item.swift */ = {isa = PBXFileReference; lastKnownFileType = sourcecode.swift; path = Item.swift; sourceTree = "<group>"; };
/* End PBXFileReference section */

/* Begin PBXFrameworksBuildPhase section */
		A495D93C2199D06C00B368E1 /* Frameworks */ = {
			isa = PBXFrameworksBuildPhase;
			buildActionMask = 2147483647;
			files = (
			);
			runOnlyForDeploymentPostprocessing = 0;
		};
/* End PBXFrameworksBuildPhase section */

/* Begin PBXGroup section */
		A495D9362199D06C00B368E1 = {
			isa = PBXGroup;
			children = (
				A495D9412199D06C00B368E1 /* Totodey */,
				A495D9402199D06C00B368E1 /* Products */,
			);
			sourceTree = "<group>";
		};
		A495D9402199D06C00B368E1 /* Products */ = {
			isa = PBXGroup;
			children = (
				A495D93F2199D06C00B368E1 /* Totodey.app */,
			);
			name = Products;
			sourceTree = "<group>";
		};
		A495D9412199D06C00B368E1 /* Totodey */ = {
			isa = PBXGroup;
			children = (
				A495D9422199D06C00B368E1 /* AppDelegate.swift */,
				A496EB0F21A014F700FFA2ED /* Controllers */,
				A496EB0E21A014C900FFA2ED /* Data Model */,
				A496EB1021A0151300FFA2ED /* Views */,
				A496EB1121A0152B00FFA2ED /* Supporting Files */,
				A495D94E2199D06D00B368E1 /* Info.plist */,
			);
			path = Totodey;
			sourceTree = "<group>";
		};
		A496EB0E21A014C900FFA2ED /* Data Model */ = {
			isa = PBXGroup;
			children = (
				A496EB0C21A014BC00FFA2ED /* Item.swift */,
			);
			path = "Data Model";
			sourceTree = "<group>";
		};
		A496EB0F21A014F700FFA2ED /* Controllers */ = {
			isa = PBXGroup;
			children = (
				A495D9442199D06C00B368E1 /* TodoListViewController.swift */,
			);
			path = Controllers;
			sourceTree = "<group>";
		};
		A496EB1021A0151300FFA2ED /* Views */ = {
			isa = PBXGroup;
			children = (
				A495D9462199D06C00B368E1 /* Main.storyboard */,
			);
			path = Views;
			sourceTree = "<group>";
		};
		A496EB1121A0152B00FFA2ED /* Supporting Files */ = {
			isa = PBXGroup;
			children = (
				A495D9492199D06D00B368E1 /* Assets.xcassets */,
				A495D94B2199D06D00B368E1 /* LaunchScreen.storyboard */,
			);
			path = "Supporting Files";
			sourceTree = "<group>";
		};
/* End PBXGroup section */

/* Begin PBXNativeTarget section */
		A495D93E2199D06C00B368E1 /* Totodey */ = {
			isa = PBXNativeTarget;
			buildConfigurationList = A495D9512199D06D00B368E1 /* Build configuration list for PBXNativeTarget "Totodey" */;
			buildPhases = (
				A495D93B2199D06C00B368E1 /* Sources */,
				A495D93C2199D06C00B368E1 /* Frameworks */,
				A495D93D2199D06C00B368E1 /* Resources */,
			);
			buildRules = (
			);
			dependencies = (
			);
			name = Totodey;
			productName = Totodey;
			productReference = A495D93F2199D06C00B368E1 /* Totodey.app */;
			productType = "com.apple.product-type.application";
		};
/* End PBXNativeTarget section */

/* Begin PBXProject section */
		A495D9372199D06C00B368E1 /* Project object */ = {
			isa = PBXProject;
			attributes = {
				LastSwiftUpdateCheck = 1010;
				LastUpgradeCheck = 1010;
				ORGANIZATIONNAME = "Jacob Felsted";
				TargetAttributes = {
					A495D93E2199D06C00B368E1 = {
						CreatedOnToolsVersion = 10.1;
					};
				};
			};
			buildConfigurationList = A495D93A2199D06C00B368E1 /* Build configuration list for PBXProject "Totodey" */;
			compatibilityVersion = "Xcode 9.3";
			developmentRegion = en;
			hasScannedForEncodings = 0;
			knownRegions = (
				en,
				Base,
			);
			mainGroup = A495D9362199D06C00B368E1;
			productRefGroup = A495D9402199D06C00B368E1 /* Products */;
			projectDirPath = "";
			projectRoot = "";
			targets = (
				A495D93E2199D06C00B368E1 /* Totodey */,
			);
		};
/* End PBXProject section */

/* Begin PBXResourcesBuildPhase section */
		A495D93D2199D06C00B368E1 /* Resources */ = {
			isa = PBXResourcesBuildPhase;
			buildActionMask = 2147483647;
			files = (
				A495D94D2199D06D00B368E1 /* LaunchScreen.storyboard in Resources */,
				A495D94A2199D06D00B368E1 /* Assets.xcassets in Resources */,
				A495D9482199D06C00B368E1 /* Main.storyboard in Resources */,
			);
			runOnlyForDeploymentPostprocessing = 0;
		};
/* End PBXResourcesBuildPhase section */

/* Begin PBXSourcesBuildPhase section */
		A495D93B2199D06C00B368E1 /* Sources */ = {
			isa = PBXSourcesBuildPhase;
			buildActionMask = 2147483647;
			files = (
				A495D9452199D06C00B368E1 /* TodoListViewController.swift in Sources */,
				A496EB0D21A014BC00FFA2ED /* Item.swift in Sources */,
				A495D9432199D06C00B368E1 /* AppDelegate.swift in Sources */,
			);
			runOnlyForDeploymentPostprocessing = 0;
		};
/* End PBXSourcesBuildPhase section */

/* Begin PBXVariantGroup section */
		A495D9462199D06C00B368E1 /* Main.storyboard */ = {
			isa = PBXVariantGroup;
			children = (
				A495D9472199D06C00B368E1 /* Base */,
			);
			name = Main.storyboard;
			sourceTree = "<group>";
		};
		A495D94B2199D06D00B368E1 /* LaunchScreen.storyboard */ = {
			isa = PBXVariantGroup;
			children = (
				A495D94C2199D06D00B368E1 /* Base */,
			);
			name = LaunchScreen.storyboard;
			sourceTree = "<group>";
		};
/* End PBXVariantGroup section */

/* Begin XCBuildConfiguration section */
		A495D94F2199D06D00B368E1 /* Debug */ = {
			isa = XCBuildConfiguration;
			buildSettings = {
				ALWAYS_SEARCH_USER_PATHS = NO;
				CLANG_ANALYZER_NONNULL = YES;
				CLANG_ANALYZER_NUMBER_OBJECT_CONVERSION = YES_AGGRESSIVE;
				CLANG_CXX_LANGUAGE_STANDARD = "gnu++14";
				CLANG_CXX_LIBRARY = "libc++";
				CLANG_ENABLE_MODULES = YES;
				CLANG_ENABLE_OBJC_ARC = YES;
				CLANG_ENABLE_OBJC_WEAK = YES;
				CLANG_WARN_BLOCK_CAPTURE_AUTORELEASING = YES;
				CLANG_WARN_BOOL_CONVERSION = YES;
				CLANG_WARN_COMMA = YES;
				CLANG_WARN_CONSTANT_CONVERSION = YES;
				CLANG_WARN_DEPRECATED_OBJC_IMPLEMENTATIONS = YES;
				CLANG_WARN_DIRECT_OBJC_ISA_USAGE = YES_ERROR;
				CLANG_WARN_DOCUMENTATION_COMMENTS = YES;
				CLANG_WARN_EMPTY_BODY = YES;
				CLANG_WARN_ENUM_CONVERSION = YES;
				CLANG_WARN_INFINITE_RECURSION = YES;
				CLANG_WARN_INT_CONVERSION = YES;
				CLANG_WARN_NON_LITERAL_NULL_CONVERSION = YES;
				CLANG_WARN_OBJC_IMPLICIT_RETAIN_SELF = YES;
				CLANG_WARN_OBJC_LITERAL_CONVERSION = YES;
				CLANG_WARN_OBJC_ROOT_CLASS = YES_ERROR;
				CLANG_WARN_RANGE_LOOP_ANALYSIS = YES;
				CLANG_WARN_STRICT_PROTOTYPES = YES;
				CLANG_WARN_SUSPICIOUS_MOVE = YES;
				CLANG_WARN_UNGUARDED_AVAILABILITY = YES_AGGRESSIVE;
				CLANG_WARN_UNREACHABLE_CODE = YES;
				CLANG_WARN__DUPLICATE_METHOD_MATCH = YES;
				CODE_SIGN_IDENTITY = "iPhone Developer";
				COPY_PHASE_STRIP = NO;
				DEBUG_INFORMATION_FORMAT = dwarf;
				ENABLE_STRICT_OBJC_MSGSEND = YES;
				ENABLE_TESTABILITY = YES;
				GCC_C_LANGUAGE_STANDARD = gnu11;
				GCC_DYNAMIC_NO_PIC = NO;
				GCC_NO_COMMON_BLOCKS = YES;
				GCC_OPTIMIZATION_LEVEL = 0;
				GCC_PREPROCESSOR_DEFINITIONS = (
					"DEBUG=1",
					"$(inherited)",
				);
				GCC_WARN_64_TO_32_BIT_CONVERSION = YES;
				GCC_WARN_ABOUT_RETURN_TYPE = YES_ERROR;
				GCC_WARN_UNDECLARED_SELECTOR = YES;
				GCC_WARN_UNINITIALIZED_AUTOS = YES_AGGRESSIVE;
				GCC_WARN_UNUSED_FUNCTION = YES;
				GCC_WARN_UNUSED_VARIABLE = YES;
				IPHONEOS_DEPLOYMENT_TARGET = 12.1;
				MTL_ENABLE_DEBUG_INFO = INCLUDE_SOURCE;
				MTL_FAST_MATH = YES;
				ONLY_ACTIVE_ARCH = YES;
				SDKROOT = iphoneos;
				SWIFT_ACTIVE_COMPILATION_CONDITIONS = DEBUG;
				SWIFT_OPTIMIZATION_LEVEL = "-Onone";
			};
			name = Debug;
		};
		A495D9502199D06D00B368E1 /* Release */ = {
			isa = XCBuildConfiguration;
			buildSettings = {
				ALWAYS_SEARCH_USER_PATHS = NO;
				CLANG_ANALYZER_NONNULL = YES;
				CLANG_ANALYZER_NUMBER_OBJECT_CONVERSION = YES_AGGRESSIVE;
				CLANG_CXX_LANGUAGE_STANDARD = "gnu++14";
				CLANG_CXX_LIBRARY = "libc++";
				CLANG_ENABLE_MODULES = YES;
				CLANG_ENABLE_OBJC_ARC = YES;
				CLANG_ENABLE_OBJC_WEAK = YES;
				CLANG_WARN_BLOCK_CAPTURE_AUTORELEASING = YES;
				CLANG_WARN_BOOL_CONVERSION = YES;
				CLANG_WARN_COMMA = YES;
				CLANG_WARN_CONSTANT_CONVERSION = YES;
				CLANG_WARN_DEPRECATED_OBJC_IMPLEMENTATIONS = YES;
				CLANG_WARN_DIRECT_OBJC_ISA_USAGE = YES_ERROR;
				CLANG_WARN_DOCUMENTATION_COMMENTS = YES;
				CLANG_WARN_EMPTY_BODY = YES;
				CLANG_WARN_ENUM_CONVERSION = YES;
				CLANG_WARN_INFINITE_RECURSION = YES;
				CLANG_WARN_INT_CONVERSION = YES;
				CLANG_WARN_NON_LITERAL_NULL_CONVERSION = YES;
				CLANG_WARN_OBJC_IMPLICIT_RETAIN_SELF = YES;
				CLANG_WARN_OBJC_LITERAL_CONVERSION = YES;
				CLANG_WARN_OBJC_ROOT_CLASS = YES_ERROR;
				CLANG_WARN_RANGE_LOOP_ANALYSIS = YES;
				CLANG_WARN_STRICT_PROTOTYPES = YES;
				CLANG_WARN_SUSPICIOUS_MOVE = YES;
				CLANG_WARN_UNGUARDED_AVAILABILITY = YES_AGGRESSIVE;
				CLANG_WARN_UNREACHABLE_CODE = YES;
				CLANG_WARN__DUPLICATE_METHOD_MATCH = YES;
				CODE_SIGN_IDENTITY = "iPhone Developer";
				COPY_PHASE_STRIP = NO;
				DEBUG_INFORMATION_FORMAT = "dwarf-with-dsym";
				ENABLE_NS_ASSERTIONS = NO;
				ENABLE_STRICT_OBJC_MSGSEND = YES;
				GCC_C_LANGUAGE_STANDARD = gnu11;
				GCC_NO_COMMON_BLOCKS = YES;
				GCC_WARN_64_TO_32_BIT_CONVERSION = YES;
				GCC_WARN_ABOUT_RETURN_TYPE = YES_ERROR;
				GCC_WARN_UNDECLARED_SELECTOR = YES;
				GCC_WARN_UNINITIALIZED_AUTOS = YES_AGGRESSIVE;
				GCC_WARN_UNUSED_FUNCTION = YES;
				GCC_WARN_UNUSED_VARIABLE = YES;
				IPHONEOS_DEPLOYMENT_TARGET = 12.1;
				MTL_ENABLE_DEBUG_INFO = NO;
				MTL_FAST_MATH = YES;
				SDKROOT = iphoneos;
				SWIFT_COMPILATION_MODE = wholemodule;
				SWIFT_OPTIMIZATION_LEVEL = "-O";
				VALIDATE_PRODUCT = YES;
			};
			name = Release;
		};
		A495D9522199D06D00B368E1 /* Debug */ = {
			isa = XCBuildConfiguration;
			buildSettings = {
				ASSETCATALOG_COMPILER_APPICON_NAME = AppIcon;
				CODE_SIGN_STYLE = Automatic;
				DEVELOPMENT_TEAM = HX3QZFAXTD;
				INFOPLIST_FILE = Totodey/Info.plist;
				LD_RUNPATH_SEARCH_PATHS = (
					"$(inherited)",
					"@executable_path/Frameworks",
				);
				PRODUCT_BUNDLE_IDENTIFIER = dk.jacobfelsted.Totodey;
				PRODUCT_NAME = "$(TARGET_NAME)";
				SWIFT_VERSION = 4.2;
				TARGETED_DEVICE_FAMILY = "1,2";
			};
			name = Debug;
		};
		A495D9532199D06D00B368E1 /* Release */ = {
			isa = XCBuildConfiguration;
			buildSettings = {
				ASSETCATALOG_COMPILER_APPICON_NAME = AppIcon;
				CODE_SIGN_STYLE = Automatic;
				DEVELOPMENT_TEAM = HX3QZFAXTD;
				INFOPLIST_FILE = Totodey/Info.plist;
				LD_RUNPATH_SEARCH_PATHS = (
					"$(inherited)",
					"@executable_path/Frameworks",
				);
				PRODUCT_BUNDLE_IDENTIFIER = dk.jacobfelsted.Totodey;
				PRODUCT_NAME = "$(TARGET_NAME)";
				SWIFT_VERSION = 4.2;
				TARGETED_DEVICE_FAMILY = "1,2";
			};
			name = Release;
		};
/* End XCBuildConfiguration section */

/* Begin XCConfigurationList section */
		A495D93A2199D06C00B368E1 /* Build configuration list for PBXProject "Totodey" */ = {
			isa = XCConfigurationList;
			buildConfigurations = (
				A495D94F2199D06D00B368E1 /* Debug */,
				A495D9502199D06D00B368E1 /* Release */,
			);
			defaultConfigurationIsVisible = 0;
			defaultConfigurationName = Release;
		};
		A495D9512199D06D00B368E1 /* Build configuration list for PBXNativeTarget "Totodey" */ = {
			isa = XCConfigurationList;
			buildConfigurations = (
				A495D9522199D06D00B368E1 /* Debug */,
				A495D9532199D06D00B368E1 /* Release */,
			);
			defaultConfigurationIsVisible = 0;
			defaultConfigurationName = Release;
		};
/* End XCConfigurationList section */
	};
	rootObject = A495D9372199D06C00B368E1 /* Project object */;
}
